
Microsoft Visual Studio Solution File, Format Version 12.00
# Visual Studio Version 17
VisualStudioVersion = 17.0.31903.59
MinimumVisualStudioVersion = 10.0.40219.1
Project("{F2A71F9B-5D33-465A-A702-920D77279786}") = "finget", "finget\finget.fsproj", "{B4A862E9-ADAA-4F2E-8CC9-2851FB2AED8B}"
EndProject
Project("{F2A71F9B-5D33-465A-A702-920D77279786}") = "finget.Tests", "finget.Tests\finget.Tests.fsproj", "{35757F09-2CD8-431A-8A19-A739637AF824}"
EndProject
Project("{2150E333-8FDC-42A3-9474-1A3956D46DE8}") = ".build", ".build", "{8C4920F7-D3BE-4E34-ADDE-F1B3FDB94290}"
	ProjectSection(SolutionItems) = preProject
		.editorconfig = .editorconfig
		.gitignore = .gitignore
		paket.dependencies = paket.dependencies
		paket.lock = paket.lock
		README.md = README.md
	EndProjectSection
EndProject
Global
	GlobalSection(SolutionConfigurationPlatforms) = preSolution
		Debug|Any CPU = Debug|Any CPU
		Release|Any CPU = Release|Any CPU
	EndGlobalSection
	GlobalSection(SolutionProperties) = preSolution
		HideSolutionNode = FALSE
	EndGlobalSection
	GlobalSection(ProjectConfigurationPlatforms) = postSolution
		{B4A862E9-ADAA-4F2E-8CC9-2851FB2AED8B}.Debug|Any CPU.ActiveCfg = Debug|Any CPU
		{B4A862E9-ADAA-4F2E-8CC9-2851FB2AED8B}.Debug|Any CPU.Build.0 = Debug|Any CPU
		{B4A862E9-ADAA-4F2E-8CC9-2851FB2AED8B}.Release|Any CPU.ActiveCfg = Release|Any CPU
		{B4A862E9-ADAA-4F2E-8CC9-2851FB2AED8B}.Release|Any CPU.Build.0 = Release|Any CPU
		{35757F09-2CD8-431A-8A19-A739637AF824}.Debug|Any CPU.ActiveCfg = Debug|Any CPU
		{35757F09-2CD8-431A-8A19-A739637AF824}.Debug|Any CPU.Build.0 = Debug|Any CPU
		{35757F09-2CD8-431A-8A19-A739637AF824}.Release|Any CPU.ActiveCfg = Release|Any CPU
		{35757F09-2CD8-431A-8A19-A739637AF824}.Release|Any CPU.Build.0 = Release|Any CPU
	EndGlobalSection
EndGlobal
