STORAGE: NONE
NUGET
  remote: https://api.nuget.org/v3/index.json
    FParsec (1.1.1)
      FSharp.Core (>= 4.3.4) - restriction: || (>= net45) (>= netstandard2.0)
      System.ValueTuple (>= 4.4) - restriction: >= net45
    FSharp.Core (10.1.301)
    FSharp.Data.LiteralProviders (1.0.3)
      FSharp.Core (>= 4.5)
    Microsoft.Bcl.AsyncInterfaces (10.0.9) - restriction: || (&& (>= net462) (>= netstandard2.0)) (&& (< net8.0) (>= netstandard2.0))
      System.Threading.Tasks.Extensions (>= 4.6.3) - restriction: || (>= net462) (&& (>= netstandard2.0) (< netstandard2.1))
    Microsoft.Bcl.TimeProvider (10.0.9) - restriction: && (< net8.0) (>= netstandard2.0)
      Microsoft.Bcl.AsyncInterfaces (>= 10.0.9) - restriction: || (>= net462) (&& (< net8.0) (>= netstandard2.0))
      System.ValueTuple (>= 4.6.2) - restriction: >= net462
    Spectre.Console (0.57.1)
      Microsoft.Bcl.TimeProvider (>= 10.0.8) - restriction: && (< net8.0) (>= netstandard2.0)
      Spectre.Console.Ansi (>= 0.57.1) - restriction: >= netstandard2.0
      System.Memory (>= 4.6.3) - restriction: && (< net8.0) (>= netstandard2.0)
    Spectre.Console.Ansi (0.57.1) - restriction: >= netstandard2.0
    System.Buffers (4.6.1) - restriction: || (&& (>= net462) (>= netstandard2.0)) (&& (< netcoreapp2.1) (>= netstandard2.0) (< netstandard2.1))
    System.Memory (4.6.3) - restriction: && (< net8.0) (>= netstandard2.0)
      System.Buffers (>= 4.6.1) - restriction: || (>= net462) (&& (< netcoreapp2.1) (>= netstandard2.0) (< netstandard2.1))
      System.Numerics.Vectors (>= 4.6.1) - restriction: || (>= net462) (&& (< netcoreapp2.1) (>= netstandard2.0) (< netstandard2.1))
      System.Runtime.CompilerServices.Unsafe (>= 6.1.2) - restriction: || (>= net462) (&& (< netcoreapp2.1) (>= netstandard2.0) (< netstandard2.1))
    System.Numerics.Vectors (4.6.1) - restriction: || (&& (>= net462) (>= netstandard2.0)) (&& (< netcoreapp2.1) (>= netstandard2.0) (< netstandard2.1))
    System.Runtime.CompilerServices.Unsafe (6.1.2) - restriction: || (&& (>= net462) (>= netstandard2.0)) (&& (< netcoreapp2.1) (>= netstandard2.0) (< netstandard2.1))
    System.Threading.Tasks.Extensions (4.6.3) - restriction: || (&& (>= net462) (>= netstandard2.0)) (&& (>= netstandard2.0) (< netstandard2.1))
      System.Runtime.CompilerServices.Unsafe (>= 6.1.2) - restriction: || (>= net462) (&& (< netcoreapp2.1) (>= netstandard2.0) (< netstandard2.1))
    System.ValueTuple (4.6.2) - restriction: || (>= net45) (&& (>= net462) (>= netstandard2.0))

GROUP Tests
STORAGE: NONE
NUGET
  remote: https://api.nuget.org/v3/index.json
    Azure.Core (1.59) - restriction: || (&& (>= net462) (>= netstandard2.0)) (>= net8.0)
      Microsoft.Bcl.AsyncInterfaces (>= 10.0.3) - restriction: || (>= net462) (>= netstandard2.0)
      Microsoft.Extensions.Configuration.Abstractions (>= 10.0.3) - restriction: || (>= net462) (>= netstandard2.0)
      Microsoft.Extensions.Hosting.Abstractions (>= 10.0.3) - restriction: || (>= net462) (>= netstandard2.0)
      Microsoft.Identity.Client (>= 4.84.2) - restriction: || (>= net462) (>= netstandard2.0)
      Microsoft.Identity.Client.Extensions.Msal (>= 4.84.2) - restriction: || (>= net462) (>= netstandard2.0)
      System.ClientModel (>= 1.14) - restriction: || (>= net462) (>= netstandard2.0)
      System.Diagnostics.DiagnosticSource (>= 10.0.3) - restriction: || (&& (< net10.0) (>= net8.0)) (>= net462) (&& (< net8.0) (>= netstandard2.0))
      System.Memory (>= 4.6.3) - restriction: || (>= net462) (&& (< net8.0) (>= netstandard2.0))
      System.Memory.Data (>= 10.0.3) - restriction: || (>= net462) (>= netstandard2.0)
      System.Numerics.Vectors (>= 4.6.1) - restriction: || (>= net462) (&& (< net8.0) (>= netstandard2.0))
      System.Text.Encodings.Web (>= 10.0.3) - restriction: || (&& (< net10.0) (>= net8.0)) (>= net462) (&& (< net8.0) (>= netstandard2.0))
      System.Text.Json (>= 10.0.3) - restriction: || (&& (< net10.0) (>= net8.0)) (>= net462) (&& (< net8.0) (>= netstandard2.0))
      System.Threading.Tasks.Extensions (>= 4.6.3) - restriction: || (>= net462) (&& (< net8.0) (>= netstandard2.0))
    Azure.Monitor.OpenTelemetry.Exporter (1.8.1) - restriction: || (&& (>= net462) (>= netstandard2.0)) (>= net8.0)
      Azure.Core (>= 1.56) - restriction: >= netstandard2.0
      OpenTelemetry.Extensions.Hosting (>= 1.15.3) - restriction: >= netstandard2.0
      OpenTelemetry.PersistentStorage.FileSystem (>= 1.0.3) - restriction: >= netstandard2.0
    coverlet.collector (10.0.1)
    DEdge.Diffract (0.5)
      FSharp.Core (>= 5.0)
      TypeShape (>= 10.0)
    FSharp.Core (10.1.301)
    Microsoft.ApplicationInsights (3.1.2) - restriction: || (&& (>= net462) (>= netstandard2.0)) (>= net8.0)
      Azure.Monitor.OpenTelemetry.Exporter (>= 1.8) - restriction: || (>= net462) (>= netstandard2.0)
    Microsoft.Bcl.AsyncInterfaces (10.0.9) - restriction: || (&& (>= net462) (>= netstandard2.0)) (>= net8.0)
      System.Threading.Tasks.Extensions (>= 4.6.3) - restriction: || (>= net462) (&& (>= netstandard2.0) (< netstandard2.1))
    Microsoft.CodeCoverage (18.7) - restriction: || (>= net462) (>= net8.0)
    Microsoft.Extensions.Configuration (10.0.9) - restriction: || (&& (>= net462) (>= netstandard2.0)) (>= net8.0)
      Microsoft.Extensions.Configuration.Abstractions (>= 10.0.9) - restriction: || (>= net462) (>= netstandard2.0)
      Microsoft.Extensions.Primitives (>= 10.0.9) - restriction: || (>= net462) (>= netstandard2.0)
    Microsoft.Extensions.Configuration.Abstractions (10.0.9) - restriction: || (&& (>= net462) (>= netstandard2.0)) (>= net8.0)
      Microsoft.Extensions.Primitives (>= 10.0.9) - restriction: || (>= net462) (>= netstandard2.0)
      System.ValueTuple (>= 4.6.2) - restriction: >= net462
    Microsoft.Extensions.Configuration.Binder (10.0.9) - restriction: || (&& (>= net462) (>= netstandard2.0)) (>= net8.0)
      Microsoft.Extensions.Configuration (>= 10.0.9) - restriction: || (>= net462) (>= netstandard2.0)
      Microsoft.Extensions.Configuration.Abstractions (>= 10.0.9) - restriction: || (>= net462) (>= netstandard2.0)
    Microsoft.Extensions.DependencyInjection (10.0.9) - restriction: || (&& (>= net462) (>= netstandard2.0)) (>= net8.0)
      Microsoft.Bcl.AsyncInterfaces (>= 10.0.9) - restriction: || (>= net462) (&& (>= netstandard2.0) (< netstandard2.1))
      Microsoft.Extensions.DependencyInjection.Abstractions (>= 10.0.9) - restriction: || (>= net462) (>= netstandard2.0)
      System.Threading.Tasks.Extensions (>= 4.6.3) - restriction: || (>= net462) (&& (>= netstandard2.0) (< netstandard2.1))
    Microsoft.Extensions.DependencyInjection.Abstractions (10.0.9) - restriction: || (&& (>= net462) (>= netstandard2.0)) (>= net8.0)
      Microsoft.Bcl.AsyncInterfaces (>= 10.0.9) - restriction: || (>= net462) (&& (>= netstandard2.0) (< netstandard2.1))
      System.Threading.Tasks.Extensions (>= 4.6.3) - restriction: || (>= net462) (&& (>= netstandard2.0) (< netstandard2.1))
    Microsoft.Extensions.DependencyModel (10.0.9) - restriction: >= net8.0
      System.Text.Encodings.Web (>= 10.0.9) - restriction: || (&& (< net10.0) (>= net9.0)) (>= net462) (&& (>= net8.0) (< net9.0)) (&& (< net8.0) (>= netstandard2.0))
      System.Text.Json (>= 10.0.9) - restriction: || (&& (< net10.0) (>= net9.0)) (>= net462) (&& (>= net8.0) (< net9.0)) (&& (< net8.0) (>= netstandard2.0))
    Microsoft.Extensions.Diagnostics.Abstractions (10.0.9) - restriction: || (&& (>= net462) (>= netstandard2.0)) (>= net8.0)
      Microsoft.Extensions.DependencyInjection.Abstractions (>= 10.0.9) - restriction: || (>= net462) (>= netstandard2.0)
      Microsoft.Extensions.Options (>= 10.0.9) - restriction: || (>= net462) (>= netstandard2.0)
      System.Buffers (>= 4.6.1) - restriction: || (>= net462) (&& (< net8.0) (>= netstandard2.0))
      System.Diagnostics.DiagnosticSource (>= 10.0.9) - restriction: || (&& (< net10.0) (>= net9.0)) (>= net462) (&& (>= net8.0) (< net9.0)) (&& (< net8.0) (>= netstandard2.0))
      System.Memory (>= 4.6.3) - restriction: || (>= net462) (&& (< net8.0) (>= netstandard2.0))
    Microsoft.Extensions.FileProviders.Abstractions (10.0.9) - restriction: || (&& (>= net462) (>= netstandard2.0)) (>= net8.0)
      Microsoft.Extensions.Primitives (>= 10.0.9) - restriction: || (>= net462) (>= netstandard2.0)
    Microsoft.Extensions.Hosting.Abstractions (10.0.9) - restriction: || (&& (>= net462) (>= netstandard2.0)) (>= net8.0)
      Microsoft.Bcl.AsyncInterfaces (>= 10.0.9) - restriction: || (>= net462) (&& (>= netstandard2.0) (< netstandard2.1))
      Microsoft.Extensions.Configuration.Abstractions (>= 10.0.9) - restriction: || (>= net462) (>= netstandard2.0)
      Microsoft.Extensions.DependencyInjection.Abstractions (>= 10.0.9) - restriction: || (>= net462) (>= netstandard2.0)
      Microsoft.Extensions.Diagnostics.Abstractions (>= 10.0.9) - restriction: || (>= net462) (>= netstandard2.0)
      Microsoft.Extensions.FileProviders.Abstractions (>= 10.0.9) - restriction: || (>= net462) (>= netstandard2.0)
      Microsoft.Extensions.Logging.Abstractions (>= 10.0.9) - restriction: || (>= net462) (>= netstandard2.0)
      System.Threading.Tasks.Extensions (>= 4.6.3) - restriction: || (>= net462) (&& (>= netstandard2.0) (< netstandard2.1))
    Microsoft.Extensions.Logging (10.0.9) - restriction: || (&& (>= net462) (>= netstandard2.0)) (>= net8.0)
      Microsoft.Bcl.AsyncInterfaces (>= 10.0.9) - restriction: || (>= net462) (&& (>= netstandard2.0) (< netstandard2.1))
      Microsoft.Extensions.DependencyInjection (>= 10.0.9) - restriction: || (>= net462) (>= netstandard2.0)
      Microsoft.Extensions.Logging.Abstractions (>= 10.0.9) - restriction: || (>= net462) (>= netstandard2.0)
      Microsoft.Extensions.Options (>= 10.0.9) - restriction: || (>= net462) (>= netstandard2.0)
      System.Diagnostics.DiagnosticSource (>= 10.0.9) - restriction: || (>= net462) (&& (< net8.0) (>= netstandard2.1)) (&& (>= netstandard2.0) (< netstandard2.1))
      System.ValueTuple (>= 4.6.2) - restriction: >= net462
    Microsoft.Extensions.Logging.Abstractions (10.0.9) - restriction: || (&& (>= net462) (>= netstandard2.0)) (>= net8.0)
      Microsoft.Extensions.DependencyInjection.Abstractions (>= 10.0.9) - restriction: || (>= net462) (>= netstandard2.0)
      System.Buffers (>= 4.6.1) - restriction: || (>= net462) (&& (< net8.0) (>= netstandard2.0))
      System.Diagnostics.DiagnosticSource (>= 10.0.9) - restriction: || (&& (< net10.0) (>= net9.0)) (>= net462) (&& (>= net8.0) (< net9.0)) (&& (< net8.0) (>= netstandard2.0))
      System.Memory (>= 4.6.3) - restriction: || (>= net462) (&& (< net8.0) (>= netstandard2.0))
    Microsoft.Extensions.Logging.Configuration (10.0.9) - restriction: || (&& (>= net462) (>= netstandard2.0)) (>= net8.0)
      Microsoft.Extensions.Configuration (>= 10.0.9) - restriction: || (>= net462) (>= netstandard2.0)
      Microsoft.Extensions.Configuration.Abstractions (>= 10.0.9) - restriction: || (>= net462) (>= netstandard2.0)
      Microsoft.Extensions.Configuration.Binder (>= 10.0.9) - restriction: || (>= net462) (>= netstandard2.0)
      Microsoft.Extensions.DependencyInjection.Abstractions (>= 10.0.9) - restriction: || (>= net462) (>= netstandard2.0)
      Microsoft.Extensions.Logging (>= 10.0.9) - restriction: || (>= net462) (>= netstandard2.0)
      Microsoft.Extensions.Logging.Abstractions (>= 10.0.9) - restriction: || (>= net462) (>= netstandard2.0)
      Microsoft.Extensions.Options (>= 10.0.9) - restriction: || (>= net462) (>= netstandard2.0)
      Microsoft.Extensions.Options.ConfigurationExtensions (>= 10.0.9) - restriction: || (>= net462) (>= netstandard2.0)
    Microsoft.Extensions.Options (10.0.9) - restriction: || (&& (>= net462) (>= netstandard2.0)) (>= net8.0)
      Microsoft.Extensions.DependencyInjection.Abstractions (>= 10.0.9) - restriction: || (>= net462) (>= netstandard2.0)
      Microsoft.Extensions.Primitives (>= 10.0.9) - restriction: || (>= net462) (>= netstandard2.0)
      System.ValueTuple (>= 4.6.2) - restriction: >= net462
    Microsoft.Extensions.Options.ConfigurationExtensions (10.0.9) - restriction: || (&& (>= net462) (>= netstandard2.0)) (>= net8.0)
      Microsoft.Extensions.Configuration.Abstractions (>= 10.0.9) - restriction: || (>= net462) (>= netstandard2.0)
      Microsoft.Extensions.Configuration.Binder (>= 10.0.9) - restriction: || (>= net462) (>= netstandard2.0)
      Microsoft.Extensions.DependencyInjection.Abstractions (>= 10.0.9) - restriction: || (>= net462) (>= netstandard2.0)
      Microsoft.Extensions.Options (>= 10.0.9) - restriction: || (>= net462) (>= netstandard2.0)
      Microsoft.Extensions.Primitives (>= 10.0.9) - restriction: || (>= net462) (>= netstandard2.0)
    Microsoft.Extensions.Primitives (10.0.9) - restriction: || (&& (>= net462) (>= netstandard2.0)) (>= net8.0)
      System.Memory (>= 4.6.3) - restriction: || (>= net462) (&& (< net8.0) (>= netstandard2.0))
      System.Runtime.CompilerServices.Unsafe (>= 6.1.2) - restriction: || (>= net462) (&& (< net8.0) (>= netstandard2.0))
    Microsoft.Identity.Client (4.85.2) - restriction: || (&& (>= net462) (>= netstandard2.0)) (>= net8.0)
      Microsoft.IdentityModel.Abstractions (>= 8.14) - restriction: || (>= net462) (>= netstandard2.0)
      System.Diagnostics.DiagnosticSource (>= 6.0.1) - restriction: || (>= net462) (&& (>= net8.0) (< net8.0-android) (< net8.0-ios)) (&& (< net8.0) (>= netstandard2.0))
      System.Formats.Asn1 (>= 8.0.1) - restriction: || (>= net462) (&& (< net8.0) (>= netstandard2.0))
      System.Text.Json (>= 6.0.10) - restriction: || (>= net462) (&& (< net8.0) (>= netstandard2.0))
      System.ValueTuple (>= 4.5) - restriction: && (>= net462) (< net472)
    Microsoft.Identity.Client.Extensions.Msal (4.85.2) - restriction: || (&& (>= net462) (>= netstandard2.0)) (>= net8.0)
      Microsoft.Identity.Client (>= 4.85.2) - restriction: >= netstandard2.0
      System.IO.FileSystem.AccessControl (>= 5.0) - restriction: && (< net8.0) (>= netstandard2.0)
      System.Security.Cryptography.ProtectedData (>= 4.5) - restriction: >= netstandard2.0
    Microsoft.IdentityModel.Abstractions (8.19.1) - restriction: || (&& (>= net462) (>= netstandard2.0)) (>= net8.0)
    Microsoft.NET.Test.Sdk (18.7)
      Microsoft.CodeCoverage (>= 18.7) - restriction: || (>= net462) (>= net8.0)
      Microsoft.TestPlatform.TestHost (>= 18.7) - restriction: >= net8.0
    Microsoft.Testing.Extensions.Telemetry (2.2.3) - restriction: || (&& (>= net462) (>= netstandard2.0)) (>= net8.0)
      Microsoft.ApplicationInsights (>= 2.23) - restriction: >= netstandard2.0
      Microsoft.Testing.Platform (>= 2.2.3) - restriction: >= netstandard2.0
      System.Diagnostics.DiagnosticSource (>= 6.0) - restriction: && (< net8.0) (>= netstandard2.0)
    Microsoft.Testing.Extensions.TrxReport.Abstractions (2.2.3) - restriction: || (&& (>= net462) (>= netstandard2.0)) (>= net8.0)
      Microsoft.Testing.Platform (>= 2.2.3) - restriction: >= netstandard2.0
    Microsoft.Testing.Extensions.VSTestBridge (2.2.3) - restriction: || (>= net462) (>= net8.0)
      Microsoft.Testing.Extensions.Telemetry (>= 2.2.3) - restriction: >= netstandard2.0
      Microsoft.Testing.Extensions.TrxReport.Abstractions (>= 2.2.3) - restriction: >= netstandard2.0
      Microsoft.Testing.Platform (>= 2.2.3) - restriction: >= netstandard2.0
      Microsoft.TestPlatform.ObjectModel (>= 18.3) - restriction: >= netstandard2.0
    Microsoft.Testing.Platform (2.2.3) - restriction: || (&& (>= net462) (>= netstandard2.0)) (>= net8.0)
    Microsoft.Testing.Platform.MSBuild (2.2.3) - restriction: || (>= net462) (>= net8.0)
      Microsoft.Testing.Platform (>= 2.2.3) - restriction: >= netstandard2.0
    Microsoft.TestPlatform.ObjectModel (18.7) - restriction: || (&& (>= net462) (>= netstandard2.0)) (>= net8.0)
      System.Reflection.Metadata (>= 8.0) - restriction: || (>= net462) (>= netstandard2.0)
    Microsoft.TestPlatform.TestHost (18.7) - restriction: >= net8.0
      Microsoft.TestPlatform.ObjectModel (>= 18.7) - restriction: >= net8.0
      Newtonsoft.Json (>= 13.0.3) - restriction: >= net8.0
    Newtonsoft.Json (13.0.4) - restriction: >= net8.0
    NUnit (4.6.1)
      System.Threading.Tasks.Extensions (>= 4.5.4) - restriction: >= net462
      System.ValueTuple (>= 4.4) - restriction: >= net462
    NUnit.Analyzers (4.14)
    NUnit3TestAdapter (6.2)
      Microsoft.Extensions.DependencyModel (>= 8.0.2) - restriction: >= net8.0
      Microsoft.Testing.Extensions.VSTestBridge (>= 2.1) - restriction: || (>= net462) (>= net8.0)
      Microsoft.Testing.Platform.MSBuild (>= 2.1) - restriction: || (>= net462) (>= net8.0)
    OpenTelemetry (1.16) - restriction: || (&& (>= net462) (>= netstandard2.0)) (>= net8.0)
      Microsoft.Extensions.Diagnostics.Abstractions (>= 8.0) - restriction: && (>= net8.0) (< net9.0)
      Microsoft.Extensions.Diagnostics.Abstractions (>= 9.0) - restriction: && (< net10.0) (>= net9.0)
      Microsoft.Extensions.Diagnostics.Abstractions (>= 10.0) - restriction: || (>= net10.0) (>= net462) (&& (< net8.0) (>= netstandard2.1)) (&& (>= netstandard2.0) (< netstandard2.1))
      Microsoft.Extensions.Logging.Configuration (>= 8.0) - restriction: && (>= net8.0) (< net9.0)
      Microsoft.Extensions.Logging.Configuration (>= 9.0) - restriction: && (< net10.0) (>= net9.0)
      Microsoft.Extensions.Logging.Configuration (>= 10.0) - restriction: || (>= net10.0) (>= net462) (&& (< net8.0) (>= netstandard2.1)) (&& (>= netstandard2.0) (< netstandard2.1))
      OpenTelemetry.Api.ProviderBuilderExtensions (>= 1.16) - restriction: || (>= net462) (>= netstandard2.0)
    OpenTelemetry.Api (1.16) - restriction: || (&& (>= net462) (>= netstandard2.0)) (>= net8.0)
      System.Diagnostics.DiagnosticSource (>= 10.0) - restriction: || (&& (< net10.0) (>= net9.0)) (>= net462) (&& (>= net8.0) (< net9.0)) (&& (< net8.0) (>= netstandard2.0))
    OpenTelemetry.Api.ProviderBuilderExtensions (1.16) - restriction: || (&& (>= net462) (>= netstandard2.0)) (>= net8.0)
      Microsoft.Extensions.DependencyInjection.Abstractions (>= 8.0) - restriction: && (>= net8.0) (< net9.0)
      Microsoft.Extensions.DependencyInjection.Abstractions (>= 9.0) - restriction: && (< net10.0) (>= net9.0)
      Microsoft.Extensions.DependencyInjection.Abstractions (>= 10.0) - restriction: || (>= net10.0) (>= net462) (&& (< net8.0) (>= netstandard2.0))
      OpenTelemetry.Api (>= 1.16) - restriction: || (>= net462) (>= netstandard2.0)
    OpenTelemetry.Extensions.Hosting (1.16) - restriction: || (&& (>= net462) (>= netstandard2.0)) (>= net8.0)
      Microsoft.Extensions.Hosting.Abstractions (>= 8.0) - restriction: && (>= net8.0) (< net9.0)
      Microsoft.Extensions.Hosting.Abstractions (>= 9.0) - restriction: && (< net10.0) (>= net9.0)
      Microsoft.Extensions.Hosting.Abstractions (>= 10.0) - restriction: || (>= net10.0) (>= net462) (&& (< net8.0) (>= netstandard2.0))
      OpenTelemetry (>= 1.16) - restriction: || (>= net462) (>= netstandard2.0)
    OpenTelemetry.PersistentStorage.Abstractions (1.1) - restriction: || (&& (>= net462) (>= netstandard2.0)) (>= net8.0)
      System.Memory (>= 4.5.5) - restriction: || (>= net462) (&& (< net8.0) (>= netstandard2.0))
    OpenTelemetry.PersistentStorage.FileSystem (1.1) - restriction: || (&& (>= net462) (>= netstandard2.0)) (>= net8.0)
      OpenTelemetry.PersistentStorage.Abstractions (>= 1.1) - restriction: || (>= net462) (>= netstandard2.0)
      System.Memory (>= 4.5.5) - restriction: || (>= net462) (&& (< net8.0) (>= netstandard2.0))
    System.Buffers (4.6.1) - restriction: && (>= net462) (>= netstandard2.0)
    System.ClientModel (1.14) - restriction: || (&& (>= net462) (>= netstandard2.0)) (>= net8.0)
      Microsoft.Extensions.Configuration.Abstractions (>= 10.0.3) - restriction: >= netstandard2.0
      Microsoft.Extensions.Hosting.Abstractions (>= 10.0.3) - restriction: >= netstandard2.0
      Microsoft.Extensions.Logging.Abstractions (>= 10.0.3) - restriction: >= netstandard2.0
      System.Diagnostics.DiagnosticSource (>= 10.0.3) - restriction: || (&& (< net10.0) (>= net9.0)) (&& (>= net8.0) (< net9.0)) (&& (< net8.0) (>= netstandard2.0))
      System.Memory.Data (>= 10.0.3) - restriction: >= netstandard2.0
      System.Text.Json (>= 10.0.3) - restriction: || (&& (< net10.0) (>= net9.0)) (&& (>= net8.0) (< net9.0)) (&& (< net8.0) (>= netstandard2.0))
    System.Collections.Immutable (10.0.9) - restriction: || (&& (< net10.0) (>= net9.0)) (&& (>= net462) (>= net8.0)) (&& (>= net8.0) (< net9.0))
    System.Diagnostics.DiagnosticSource (10.0.9) - restriction: || (&& (< net10.0) (>= net8.0)) (&& (< net10.0) (>= net9.0)) (&& (>= net462) (>= net8.0)) (&& (>= net462) (>= net9.0)) (&& (>= net462) (>= netstandard2.0)) (&& (>= net462) (>= netstandard2.1)) (&& (>= net8.0) (< net8.0-android) (< net8.0-ios)) (&& (>= net8.0) (< net9.0)) (&& (>= net8.0) (< netstandard2.1))
      System.Memory (>= 4.6.3) - restriction: || (>= net462) (&& (< net8.0) (>= netstandard2.0))
      System.Runtime.CompilerServices.Unsafe (>= 6.1.2) - restriction: || (>= net462) (&& (< net8.0) (>= netstandard2.0))
    System.Formats.Asn1 (10.0.9) - restriction: || (&& (>= net462) (>= net8.0)) (&& (>= net462) (>= netstandard2.0))
      System.Memory (>= 4.6.3) - restriction: || (>= net462) (&& (< net8.0) (>= netstandard2.0))
      System.ValueTuple (>= 4.6.2) - restriction: >= net462
    System.IO.FileSystem.AccessControl (5.0) - restriction: && (>= net462) (>= netstandard2.0)
      System.Security.AccessControl (>= 5.0) - restriction: || (&& (>= monoandroid) (< netstandard1.3)) (&& (< monoandroid) (< net46) (>= netstandard1.3) (< netstandard2.0)) (&& (< monoandroid) (>= netcoreapp2.0)) (>= monotouch) (&& (>= net46) (< netstandard2.0)) (&& (< net46) (< netcoreapp2.0) (>= netstandard2.0)) (>= net461) (>= netcoreapp2.1) (>= uap10.1) (>= xamarinios) (>= xamarinmac) (>= xamarintvos) (>= xamarinwatchos)
      System.Security.Principal.Windows (>= 5.0) - restriction: || (&& (>= monoandroid) (< netstandard1.3)) (&& (< monoandroid) (< net46) (>= netstandard1.3) (< netstandard2.0)) (&& (< monoandroid) (>= netcoreapp2.0)) (>= monotouch) (&& (>= net46) (< netstandard2.0)) (&& (< net46) (< netcoreapp2.0) (>= netstandard2.0)) (>= net461) (>= netcoreapp2.1) (>= uap10.1) (>= xamarinios) (>= xamarinmac) (>= xamarintvos) (>= xamarinwatchos)
    System.IO.Pipelines (10.0.9) - restriction: || (&& (< net10.0) (>= net9.0)) (&& (>= net462) (>= net8.0)) (&& (>= net462) (>= net9.0)) (&& (>= net8.0) (< net9.0)) (&& (< net8.0) (>= net9.0))
    System.Memory (4.6.3) - restriction: && (>= net462) (>= netstandard2.0)
      System.Buffers (>= 4.6.1) - restriction: || (>= net462) (&& (< netcoreapp2.1) (>= netstandard2.0) (< netstandard2.1))
      System.Numerics.Vectors (>= 4.6.1) - restriction: || (>= net462) (&& (< netcoreapp2.1) (>= netstandard2.0) (< netstandard2.1))
      System.Runtime.CompilerServices.Unsafe (>= 6.1.2) - restriction: || (>= net462) (&& (< netcoreapp2.1) (>= netstandard2.0) (< netstandard2.1))
    System.Memory.Data (10.0.9) - restriction: || (&& (>= net462) (>= netstandard2.0)) (>= net8.0)
      System.Memory (>= 4.6.3) - restriction: || (>= net462) (&& (< net8.0) (>= netstandard2.0))
      System.Text.Json (>= 10.0.9) - restriction: || (&& (< net10.0) (>= net9.0)) (>= net462) (&& (>= net8.0) (< net9.0)) (&& (< net8.0) (>= netstandard2.0))
    System.Numerics.Vectors (4.6.1) - restriction: && (>= net462) (>= netstandard2.0)
    System.Reflection.Emit.ILGeneration (4.7) - restriction: || (&& (< monoandroid) (< net45) (< netcoreapp2.0) (>= netstandard2.0) (< netstandard2.1) (< xamarintvos) (< xamarinwatchos)) (&& (>= netstandard2.0) (< portable-net45+wp8) (>= win8)) (&& (>= netstandard2.0) (< portable-net45+wp8) (< win8)) (&& (>= netstandard2.0) (>= uap10.1))
    System.Reflection.Emit.Lightweight (4.7) - restriction: && (< netcoreapp3.1) (>= netstandard2.0)
      System.Reflection.Emit.ILGeneration (>= 4.7) - restriction: || (&& (< monoandroid) (< monotouch) (< net45) (>= netstandard1.0) (< netstandard2.0) (< win8) (< wp8) (< wpa81) (< xamarintvos) (< xamarinwatchos)) (&& (< monoandroid) (< net45) (< netcoreapp2.0) (>= netstandard2.0) (< netstandard2.1) (< xamarintvos) (< xamarinwatchos)) (&& (< netstandard2.0) (>= wpa81)) (&& (>= portable-net45+win8+wp8+wpa81) (< portable-net45+wp8) (< win8)) (&& (< portable-net45+wp8) (>= win8)) (>= uap10.1)
    System.Reflection.Metadata (10.0.9) - restriction: >= net8.0
      System.Collections.Immutable (>= 10.0.9) - restriction: || (&& (< net10.0) (>= net9.0)) (>= net462) (&& (>= net8.0) (< net9.0)) (&& (< net8.0) (>= netstandard2.0))
    System.Runtime.CompilerServices.Unsafe (6.1.2) - restriction: >= net462
    System.Security.AccessControl (6.0.1) - restriction: || (&& (>= net462) (>= netcoreapp2.0)) (&& (>= net462) (>= netcoreapp2.1)) (&& (>= net462) (>= netstandard2.0)) (&& (>= net462) (>= xamarinios)) (&& (>= net462) (>= xamarinmac))
      System.Security.Principal.Windows (>= 5.0) - restriction: || (>= net461) (&& (< net6.0) (>= netstandard2.0))
    System.Security.Cryptography.ProtectedData (10.0.9) - restriction: || (&& (>= net462) (>= netstandard2.0)) (>= net8.0)
    System.Security.Principal.Windows (5.0) - restriction: || (&& (>= net462) (>= netcoreapp2.0)) (&& (>= net462) (>= netcoreapp2.1)) (&& (>= net462) (>= netstandard2.0)) (&& (>= net462) (>= xamarinios)) (&& (>= net462) (>= xamarinmac))
    System.Text.Encodings.Web (10.0.9) - restriction: || (&& (< net10.0) (>= net8.0)) (&& (< net10.0) (>= net9.0)) (&& (>= net462) (>= net8.0)) (&& (>= net462) (>= netstandard2.0)) (&& (>= net8.0) (< net9.0))
    System.Text.Json (10.0.9) - restriction: || (&& (< net10.0) (>= net9.0)) (&& (>= net462) (>= net8.0)) (&& (>= net462) (>= net9.0)) (&& (>= net462) (>= netstandard2.0)) (&& (>= net8.0) (< net9.0))
      System.IO.Pipelines (>= 10.0.9) - restriction: || (&& (< net10.0) (>= net9.0)) (>= net462) (&& (>= net8.0) (< net9.0)) (&& (< net8.0) (>= netstandard2.0))
      System.Text.Encodings.Web (>= 10.0.9) - restriction: || (&& (< net10.0) (>= net9.0)) (>= net462) (&& (>= net8.0) (< net9.0)) (&& (< net8.0) (>= netstandard2.0))
    System.Threading.Tasks.Extensions (4.6.3) - restriction: >= net462
      System.Runtime.CompilerServices.Unsafe (>= 6.1.2) - restriction: || (>= net462) (&& (< netcoreapp2.1) (>= netstandard2.0) (< netstandard2.1))
    System.ValueTuple (4.6.2) - restriction: >= net462
    TypeShape (10.0)
      FSharp.Core (>= 4.5.4) - restriction: >= netstandard2.0
      System.Reflection.Emit.Lightweight (>= 4.7) - restriction: && (< netcoreapp3.1) (>= netstandard2.0)
